
Microsoft Visual Studio Solution File, Format Version 12.00
# Visual Studio Version 17
VisualStudioVersion = 17.10.34916.146
MinimumVisualStudioVersion = 10.0.40219.1
Project("{FAE04EC0-301F-11D3-BF4B-00C04F79EFBC}") = "Linq", "Linq\Linq.csproj", "{25ACEBFD-10D6-4FF2-A23C-00E9BCB5925F}"
EndProject
Global
	GlobalSection(SolutionConfigurationPlatforms) = preSolution
		Debug|Any CPU = Debug|Any CPU
		Release|Any CPU = Release|Any CPU
	EndGlobalSection
	GlobalSection(ProjectConfigurationPlatforms) = postSolution
		{25ACEBFD-10D6-4FF2-A23C-00E9BCB5925F}.Debug|Any CPU.ActiveCfg = Debug|Any CPU
		{25ACEBFD-10D6-4FF2-A23C-00E9BCB5925F}.Debug|Any CPU.Build.0 = Debug|Any CPU
		{25ACEBFD-10D6-4FF2-A23C-00E9BCB5925F}.Release|Any CPU.ActiveCfg = Release|Any CPU
		{25ACEBFD-10D6-4FF2-A23C-00E9BCB5925F}.Release|Any CPU.Build.0 = Release|Any CPU
	EndGlobalSection
	GlobalSection(SolutionProperties) = preSolution
		HideSolutionNode = FALSE
	EndGlobalSection
	GlobalSection(ExtensibilityGlobals) = postSolution
		SolutionGuid = {76492080-1A11-4090-B0B2-FB7A2BD2FE21}
	EndGlobalSection
EndGlobal
